
Microsoft Visual Studio Solution File, Format Version 12.00
# Visual Studio Version 17
VisualStudioVersion = 17.6.33712.159
MinimumVisualStudioVersion = 10.0.40219.1
Project("{FAE04EC0-301F-11D3-BF4B-00C04F79EFBC}") = "Chain of Responsibility Pattern", "Chain of Responsibility Pattern.csproj", "{7764E33A-3CFE-4C84-8E66-10A5829AAB27}"
EndProject
Global
	GlobalSection(SolutionConfigurationPlatforms) = preSolution
		Debug|Any CPU = Debug|Any CPU
		Release|Any CPU = Release|Any CPU
	EndGlobalSection
	GlobalSection(ProjectConfigurationPlatforms) = postSolution
		{7764E33A-3CFE-4C84-8E66-10A5829AAB27}.Debug|Any CPU.ActiveCfg = Debug|Any CPU
		{7764E33A-3CFE-4C84-8E66-10A5829AAB27}.Debug|Any CPU.Build.0 = Debug|Any CPU
		{7764E33A-3CFE-4C84-8E66-10A5829AAB27}.Release|Any CPU.ActiveCfg = Release|Any CPU
		{7764E33A-3CFE-4C84-8E66-10A5829AAB27}.Release|Any CPU.Build.0 = Release|Any CPU
	EndGlobalSection
	GlobalSection(SolutionProperties) = preSolution
		HideSolutionNode = FALSE
	EndGlobalSection
	GlobalSection(ExtensibilityGlobals) = postSolution
		SolutionGuid = {1AD07B75-EF81-4580-9F25-907C409BD002}
	EndGlobalSection
EndGlobal
